
Microsoft Visual Studio Solution File, Format Version 12.00
# Visual Studio Version 16
VisualStudioVersion = 16.0.30907.101
MinimumVisualStudioVersion = 10.0.40219.1
Project("{FAE04EC0-301F-11D3-BF4B-00C04F79EFBC}") = "CarShowRoom", "CarShowRoom\CarShowRoom.csproj", "{DCB466D2-F9C1-48EC-97AA-282F16E9AAB3}"
EndProject
Global
	GlobalSection(SolutionConfigurationPlatforms) = preSolution
		Debug|Any CPU = Debug|Any CPU
		Release|Any CPU = Release|Any CPU
	EndGlobalSection
	GlobalSection(ProjectConfigurationPlatforms) = postSolution
		{DCB466D2-F9C1-48EC-97AA-282F16E9AAB3}.Debug|Any CPU.ActiveCfg = Debug|Any CPU
		{DCB466D2-F9C1-48EC-97AA-282F16E9AAB3}.Debug|Any CPU.Build.0 = Debug|Any CPU
		{DCB466D2-F9C1-48EC-97AA-282F16E9AAB3}.Release|Any CPU.ActiveCfg = Release|Any CPU
		{DCB466D2-F9C1-48EC-97AA-282F16E9AAB3}.Release|Any CPU.Build.0 = Release|Any CPU
	EndGlobalSection
	GlobalSection(SolutionProperties) = preSolution
		HideSolutionNode = FALSE
	EndGlobalSection
	GlobalSection(ExtensibilityGlobals) = postSolution
		SolutionGuid = {8F3A83EB-F5CE-44FA-8EDD-41C097E11627}
	EndGlobalSection
EndGlobal
